
Microsoft Visual Studio Solution File, Format Version 12.00
# Visual Studio Version 16
VisualStudioVersion = 16.0.31025.194
MinimumVisualStudioVersion = 10.0.40219.1
Project("{FAE04EC0-301F-11D3-BF4B-00C04F79EFBC}") = "PII_2022_II_P1_EJERCICIO18", "PII_2022_II_P1_EJERCICIO18\PII_2022_II_P1_EJERCICIO18.csproj", "{FADA0832-748B-4E0A-A249-2A353D10061E}"
EndProject
Global
	GlobalSection(SolutionConfigurationPlatforms) = preSolution
		Debug|Any CPU = Debug|Any CPU
		Release|Any CPU = Release|Any CPU
	EndGlobalSection
	GlobalSection(ProjectConfigurationPlatforms) = postSolution
		{FADA0832-748B-4E0A-A249-2A353D10061E}.Debug|Any CPU.ActiveCfg = Debug|Any CPU
		{FADA0832-748B-4E0A-A249-2A353D10061E}.Debug|Any CPU.Build.0 = Debug|Any CPU
		{FADA0832-748B-4E0A-A249-2A353D10061E}.Release|Any CPU.ActiveCfg = Release|Any CPU
		{FADA0832-748B-4E0A-A249-2A353D10061E}.Release|Any CPU.Build.0 = Release|Any CPU
	EndGlobalSection
	GlobalSection(SolutionProperties) = preSolution
		HideSolutionNode = FALSE
	EndGlobalSection
	GlobalSection(ExtensibilityGlobals) = postSolution
		SolutionGuid = {0C131DC1-2F4F-43B3-8AA2-1938D2D01008}
	EndGlobalSection
EndGlobal
