
Microsoft Visual Studio Solution File, Format Version 12.00
# Visual Studio Version 16
VisualStudioVersion = 16.0.31025.194
MinimumVisualStudioVersion = 10.0.40219.1
Project("{FAE04EC0-301F-11D3-BF4B-00C04F79EFBC}") = "PII_2022_II_P1_EJERCICIO21", "PII_2022_II_P1_EJERCICIO21\PII_2022_II_P1_EJERCICIO21.csproj", "{96DF2A3B-8069-4BE5-97E4-A8D53D364C54}"
EndProject
Global
	GlobalSection(SolutionConfigurationPlatforms) = preSolution
		Debug|Any CPU = Debug|Any CPU
		Release|Any CPU = Release|Any CPU
	EndGlobalSection
	GlobalSection(ProjectConfigurationPlatforms) = postSolution
		{96DF2A3B-8069-4BE5-97E4-A8D53D364C54}.Debug|Any CPU.ActiveCfg = Debug|Any CPU
		{96DF2A3B-8069-4BE5-97E4-A8D53D364C54}.Debug|Any CPU.Build.0 = Debug|Any CPU
		{96DF2A3B-8069-4BE5-97E4-A8D53D364C54}.Release|Any CPU.ActiveCfg = Release|Any CPU
		{96DF2A3B-8069-4BE5-97E4-A8D53D364C54}.Release|Any CPU.Build.0 = Release|Any CPU
	EndGlobalSection
	GlobalSection(SolutionProperties) = preSolution
		HideSolutionNode = FALSE
	EndGlobalSection
	GlobalSection(ExtensibilityGlobals) = postSolution
		SolutionGuid = {DA8DE4FC-1693-4CA9-8503-83F57CBB40C1}
	EndGlobalSection
EndGlobal
