
Microsoft Visual Studio Solution File, Format Version 12.00
# Visual Studio Version 16
VisualStudioVersion = 16.0.31025.194
MinimumVisualStudioVersion = 10.0.40219.1
Project("{FAE04EC0-301F-11D3-BF4B-00C04F79EFBC}") = "PII_2022_II_P1_EJERCICIO2", "PII_2022_II_P1_EJERCICIO2\PII_2022_II_P1_EJERCICIO2.csproj", "{893ACE5B-BF76-45B2-A5E2-7EB5F849F73D}"
EndProject
Global
	GlobalSection(SolutionConfigurationPlatforms) = preSolution
		Debug|Any CPU = Debug|Any CPU
		Release|Any CPU = Release|Any CPU
	EndGlobalSection
	GlobalSection(ProjectConfigurationPlatforms) = postSolution
		{893ACE5B-BF76-45B2-A5E2-7EB5F849F73D}.Debug|Any CPU.ActiveCfg = Debug|Any CPU
		{893ACE5B-BF76-45B2-A5E2-7EB5F849F73D}.Debug|Any CPU.Build.0 = Debug|Any CPU
		{893ACE5B-BF76-45B2-A5E2-7EB5F849F73D}.Release|Any CPU.ActiveCfg = Release|Any CPU
		{893ACE5B-BF76-45B2-A5E2-7EB5F849F73D}.Release|Any CPU.Build.0 = Release|Any CPU
	EndGlobalSection
	GlobalSection(SolutionProperties) = preSolution
		HideSolutionNode = FALSE
	EndGlobalSection
	GlobalSection(ExtensibilityGlobals) = postSolution
		SolutionGuid = {8F82D219-A35E-4589-8844-C5405512FB2A}
	EndGlobalSection
EndGlobal
