
Microsoft Visual Studio Solution File, Format Version 12.00
# Visual Studio Version 16
VisualStudioVersion = 16.0.31025.194
MinimumVisualStudioVersion = 10.0.40219.1
Project("{FAE04EC0-301F-11D3-BF4B-00C04F79EFBC}") = "PII_2022_II_P1_EJERCICIO1", "PII_2022_II_P1_EJERCICIO1\PII_2022_II_P1_EJERCICIO1.csproj", "{576F61B4-393D-4AE2-87EB-570E26C78A4A}"
EndProject
Global
	GlobalSection(SolutionConfigurationPlatforms) = preSolution
		Debug|Any CPU = Debug|Any CPU
		Release|Any CPU = Release|Any CPU
	EndGlobalSection
	GlobalSection(ProjectConfigurationPlatforms) = postSolution
		{576F61B4-393D-4AE2-87EB-570E26C78A4A}.Debug|Any CPU.ActiveCfg = Debug|Any CPU
		{576F61B4-393D-4AE2-87EB-570E26C78A4A}.Debug|Any CPU.Build.0 = Debug|Any CPU
		{576F61B4-393D-4AE2-87EB-570E26C78A4A}.Release|Any CPU.ActiveCfg = Release|Any CPU
		{576F61B4-393D-4AE2-87EB-570E26C78A4A}.Release|Any CPU.Build.0 = Release|Any CPU
	EndGlobalSection
	GlobalSection(SolutionProperties) = preSolution
		HideSolutionNode = FALSE
	EndGlobalSection
	GlobalSection(ExtensibilityGlobals) = postSolution
		SolutionGuid = {37D1B070-F09A-49A3-94ED-D564CB24304B}
	EndGlobalSection
EndGlobal
